
Microsoft Visual Studio Solution File, Format Version 12.00
# Visual Studio Version 17
VisualStudioVersion = 17.0.31903.59
MinimumVisualStudioVersion = 10.0.40219.1
Project("{2150E333-8FDC-42A3-9474-1A3956D46DE8}") = "src", "src", "{B8BCDBC0-806F-4ACF-91ED-F7403109A4E0}"
EndProject
Project("{FAE04EC0-301F-11D3-BF4B-00C04F79EFBC}") = "MicroTodo.Domain", "src\Domain\MicroTodo.Domain.csproj", "{BAD38D58-2583-4A9C-B793-F3FAF045FE36}"
EndProject
Project("{FAE04EC0-301F-11D3-BF4B-00C04F79EFBC}") = "MicroTodo.UseCases", "src\UseCases\MicroTodo.UseCases.csproj", "{562F389C-2BDE-4B00-8B45-34A26CCCC049}"
EndProject
Project("{FAE04EC0-301F-11D3-BF4B-00C04F79EFBC}") = "MicroTodo.Infra", "src\Infra\MicroTodo.Infra.csproj", "{7FDED421-873E-499F-8656-7281A77FDD1B}"
EndProject
Global
	GlobalSection(SolutionConfigurationPlatforms) = preSolution
		Debug|Any CPU = Debug|Any CPU
		Release|Any CPU = Release|Any CPU
	EndGlobalSection
	GlobalSection(SolutionProperties) = preSolution
		HideSolutionNode = FALSE
	EndGlobalSection
	GlobalSection(ProjectConfigurationPlatforms) = postSolution
		{BAD38D58-2583-4A9C-B793-F3FAF045FE36}.Debug|Any CPU.ActiveCfg = Debug|Any CPU
		{BAD38D58-2583-4A9C-B793-F3FAF045FE36}.Debug|Any CPU.Build.0 = Debug|Any CPU
		{BAD38D58-2583-4A9C-B793-F3FAF045FE36}.Release|Any CPU.ActiveCfg = Release|Any CPU
		{BAD38D58-2583-4A9C-B793-F3FAF045FE36}.Release|Any CPU.Build.0 = Release|Any CPU
		{562F389C-2BDE-4B00-8B45-34A26CCCC049}.Debug|Any CPU.ActiveCfg = Debug|Any CPU
		{562F389C-2BDE-4B00-8B45-34A26CCCC049}.Debug|Any CPU.Build.0 = Debug|Any CPU
		{562F389C-2BDE-4B00-8B45-34A26CCCC049}.Release|Any CPU.ActiveCfg = Release|Any CPU
		{562F389C-2BDE-4B00-8B45-34A26CCCC049}.Release|Any CPU.Build.0 = Release|Any CPU
		{7FDED421-873E-499F-8656-7281A77FDD1B}.Debug|Any CPU.ActiveCfg = Debug|Any CPU
		{7FDED421-873E-499F-8656-7281A77FDD1B}.Debug|Any CPU.Build.0 = Debug|Any CPU
		{7FDED421-873E-499F-8656-7281A77FDD1B}.Release|Any CPU.ActiveCfg = Release|Any CPU
		{7FDED421-873E-499F-8656-7281A77FDD1B}.Release|Any CPU.Build.0 = Release|Any CPU
	EndGlobalSection
	GlobalSection(NestedProjects) = preSolution
		{BAD38D58-2583-4A9C-B793-F3FAF045FE36} = {B8BCDBC0-806F-4ACF-91ED-F7403109A4E0}
		{562F389C-2BDE-4B00-8B45-34A26CCCC049} = {B8BCDBC0-806F-4ACF-91ED-F7403109A4E0}
		{7FDED421-873E-499F-8656-7281A77FDD1B} = {B8BCDBC0-806F-4ACF-91ED-F7403109A4E0}
	EndGlobalSection
EndGlobal
